// !$*UTF8*$!
{
	archiveVersion = 1;
	classes = {
	};
	objectVersion = 50;
	objects = {

/* Begin PBXBuildFile section */
		20262F732497533300B6F385 /* about.jpg in Resources */ = {isa = PBXBuildFile; fileRef = 20262F6F2497533200B6F385 /* about.jpg */; };
		20262F742497533300B6F385 /* secret.jpg in Resources */ = {isa = PBXBuildFile; fileRef = 20262F702497533300B6F385 /* secret.jpg */; };
		20262F752497533300B6F385 /* harry.jpg in Resources */ = {isa = PBXBuildFile; fileRef = 20262F712497533300B6F385 /* harry.jpg */; };
		20262F762497533300B6F385 /* dark.jpg in Resources */ = {isa = PBXBuildFile; fileRef = 20262F722497533300B6F385 /* dark.jpg */; };
		208C01882495D6B8001602DA /* AppDelegate.swift in Sources */ = {isa = PBXBuildFile; fileRef = 208C01872495D6B8001602DA /* AppDelegate.swift */; };
		208C018A2495D6B8001602DA /* SceneDelegate.swift in Sources */ = {isa = PBXBuildFile; fileRef = 208C01892495D6B8001602DA /* SceneDelegate.swift */; };
		208C018C2495D6B8001602DA /* ListViewController.swift in Sources */ = {isa = PBXBuildFile; fileRef = 208C018B2495D6B8001602DA /* ListViewController.swift */; };
		208C01912495D6B9001602DA /* Assets.xcassets in Resources */ = {isa = PBXBuildFile; fileRef = 208C01902495D6B9001602DA /* Assets.xcassets */; };
		208C01942495D6B9001602DA /* LaunchScreen.storyboard in Resources */ = {isa = PBXBuildFile; fileRef = 208C01922495D6B9001602DA /* LaunchScreen.storyboard */; };
		208C019C2495D821001602DA /* ListTableViewCell.swift in Sources */ = {isa = PBXBuildFile; fileRef = 208C019B2495D821001602DA /* ListTableViewCell.swift */; };
		208C019E2495EC1E001602DA /* MovieVO.swift in Sources */ = {isa = PBXBuildFile; fileRef = 208C019D2495EC1E001602DA /* MovieVO.swift */; };
/* End PBXBuildFile section */

/* Begin PBXFileReference section */
		20262F6F2497533200B6F385 /* about.jpg */ = {isa = PBXFileReference; lastKnownFileType = image.jpeg; path = about.jpg; sourceTree = "<group>"; };
		20262F702497533300B6F385 /* secret.jpg */ = {isa = PBXFileReference; lastKnownFileType = image.jpeg; path = secret.jpg; sourceTree = "<group>"; };
		20262F712497533300B6F385 /* harry.jpg */ = {isa = PBXFileReference; lastKnownFileType = image.jpeg; path = harry.jpg; sourceTree = "<group>"; };
		20262F722497533300B6F385 /* dark.jpg */ = {isa = PBXFileReference; lastKnownFileType = image.jpeg; path = dark.jpg; sourceTree = "<group>"; };
		208C01842495D6B8001602DA /* MyMovieChart.app */ = {isa = PBXFileReference; explicitFileType = wrapper.application; includeInIndex = 0; path = MyMovieChart.app; sourceTree = BUILT_PRODUCTS_DIR; };
		208C01872495D6B8001602DA /* AppDelegate.swift */ = {isa = PBXFileReference; lastKnownFileType = sourcecode.swift; path = AppDelegate.swift; sourceTree = "<group>"; };
		208C01892495D6B8001602DA /* SceneDelegate.swift */ = {isa = PBXFileReference; lastKnownFileType = sourcecode.swift; path = SceneDelegate.swift; sourceTree = "<group>"; };
		208C018B2495D6B8001602DA /* ListViewController.swift */ = {isa = PBXFileReference; lastKnownFileType = sourcecode.swift; path = ListViewController.swift; sourceTree = "<group>"; };
		208C01902495D6B9001602DA /* Assets.xcassets */ = {isa = PBXFileReference; lastKnownFileType = folder.assetcatalog; path = Assets.xcassets; sourceTree = "<group>"; };
		208C01932495D6B9001602DA /* Base */ = {isa = PBXFileReference; lastKnownFileType = file.storyboard; name = Base; path = Base.lproj/LaunchScreen.storyboard; sourceTree = "<group>"; };
		208C01952495D6B9001602DA /* Info.plist */ = {isa = PBXFileReference; lastKnownFileType = text.plist.xml; path = Info.plist; sourceTree = "<group>"; };
		208C019B2495D821001602DA /* ListTableViewCell.swift */ = {isa = PBXFileReference; lastKnownFileType = sourcecode.swift; path = ListTableViewCell.swift; sourceTree = "<group>"; };
		208C019D2495EC1E001602DA /* MovieVO.swift */ = {isa = PBXFileReference; lastKnownFileType = sourcecode.swift; path = MovieVO.swift; sourceTree = "<group>"; };
/* End PBXFileReference section */

/* Begin PBXFrameworksBuildPhase section */
		208C01812495D6B8001602DA /* Frameworks */ = {
			isa = PBXFrameworksBuildPhase;
			buildActionMask = 2147483647;
			files = (
			);
			runOnlyForDeploymentPostprocessing = 0;
		};
/* End PBXFrameworksBuildPhase section */

/* Begin PBXGroup section */
		20262F6D249752DB00B6F385 /* Resources */ = {
			isa = PBXGroup;
			children = (
				20262F6F2497533200B6F385 /* about.jpg */,
				20262F722497533300B6F385 /* dark.jpg */,
				20262F712497533300B6F385 /* harry.jpg */,
				20262F702497533300B6F385 /* secret.jpg */,
			);
			path = Resources;
			sourceTree = "<group>";
		};
		208C017B2495D6B8001602DA = {
			isa = PBXGroup;
			children = (
				208C01862495D6B8001602DA /* MyMovieChart */,
				208C01852495D6B8001602DA /* Products */,
			);
			sourceTree = "<group>";
		};
		208C01852495D6B8001602DA /* Products */ = {
			isa = PBXGroup;
			children = (
				208C01842495D6B8001602DA /* MyMovieChart.app */,
			);
			name = Products;
			sourceTree = "<group>";
		};
		208C01862495D6B8001602DA /* MyMovieChart */ = {
			isa = PBXGroup;
			children = (
				20262F6D249752DB00B6F385 /* Resources */,
				208C01872495D6B8001602DA /* AppDelegate.swift */,
				208C01892495D6B8001602DA /* SceneDelegate.swift */,
				208C018B2495D6B8001602DA /* ListViewController.swift */,
				208C019B2495D821001602DA /* ListTableViewCell.swift */,
				208C019D2495EC1E001602DA /* MovieVO.swift */,
				208C01902495D6B9001602DA /* Assets.xcassets */,
				208C01922495D6B9001602DA /* LaunchScreen.storyboard */,
				208C01952495D6B9001602DA /* Info.plist */,
			);
			path = MyMovieChart;
			sourceTree = "<group>";
		};
/* End PBXGroup section */

/* Begin PBXNativeTarget section */
		208C01832495D6B8001602DA /* MyMovieChart */ = {
			isa = PBXNativeTarget;
			buildConfigurationList = 208C01982495D6B9001602DA /* Build configuration list for PBXNativeTarget "MyMovieChart" */;
			buildPhases = (
				208C01802495D6B8001602DA /* Sources */,
				208C01812495D6B8001602DA /* Frameworks */,
				208C01822495D6B8001602DA /* Resources */,
			);
			buildRules = (
			);
			dependencies = (
			);
			name = MyMovieChart;
			productName = MyMovieChart;
			productReference = 208C01842495D6B8001602DA /* MyMovieChart.app */;
			productType = "com.apple.product-type.application";
		};
/* End PBXNativeTarget section */

/* Begin PBXProject section */
		208C017C2495D6B8001602DA /* Project object */ = {
			isa = PBXProject;
			attributes = {
				LastSwiftUpdateCheck = 1150;
				LastUpgradeCheck = 1150;
				ORGANIZATIONNAME = VincentGeranium;
				TargetAttributes = {
					208C01832495D6B8001602DA = {
						CreatedOnToolsVersion = 11.5;
					};
				};
			};
			buildConfigurationList = 208C017F2495D6B8001602DA /* Build configuration list for PBXProject "MyMovieChart" */;
			compatibilityVersion = "Xcode 9.3";
			developmentRegion = en;
			hasScannedForEncodings = 0;
			knownRegions = (
				en,
				Base,
			);
			mainGroup = 208C017B2495D6B8001602DA;
			productRefGroup = 208C01852495D6B8001602DA /* Products */;
			projectDirPath = "";
			projectRoot = "";
			targets = (
				208C01832495D6B8001602DA /* MyMovieChart */,
			);
		};
/* End PBXProject section */

/* Begin PBXResourcesBuildPhase section */
		208C01822495D6B8001602DA /* Resources */ = {
			isa = PBXResourcesBuildPhase;
			buildActionMask = 2147483647;
			files = (
				208C01942495D6B9001602DA /* LaunchScreen.storyboard in Resources */,
				20262F762497533300B6F385 /* dark.jpg in Resources */,
				208C01912495D6B9001602DA /* Assets.xcassets in Resources */,
				20262F732497533300B6F385 /* about.jpg in Resources */,
				20262F752497533300B6F385 /* harry.jpg in Resources */,
				20262F742497533300B6F385 /* secret.jpg in Resources */,
			);
			runOnlyForDeploymentPostprocessing = 0;
		};
/* End PBXResourcesBuildPhase section */

/* Begin PBXSourcesBuildPhase section */
		208C01802495D6B8001602DA /* Sources */ = {
			isa = PBXSourcesBuildPhase;
			buildActionMask = 2147483647;
			files = (
				208C018C2495D6B8001602DA /* ListViewController.swift in Sources */,
				208C019C2495D821001602DA /* ListTableViewCell.swift in Sources */,
				208C01882495D6B8001602DA /* AppDelegate.swift in Sources */,
				208C018A2495D6B8001602DA /* SceneDelegate.swift in Sources */,
				208C019E2495EC1E001602DA /* MovieVO.swift in Sources */,
			);
			runOnlyForDeploymentPostprocessing = 0;
		};
/* End PBXSourcesBuildPhase section */

/* Begin PBXVariantGroup section */
		208C01922495D6B9001602DA /* LaunchScreen.storyboard */ = {
			isa = PBXVariantGroup;
			children = (
				208C01932495D6B9001602DA /* Base */,
			);
			name = LaunchScreen.storyboard;
			sourceTree = "<group>";
		};
/* End PBXVariantGroup section */

/* Begin XCBuildConfiguration section */
		208C01962495D6B9001602DA /* Debug */ = {
			isa = XCBuildConfiguration;
			buildSettings = {
				ALWAYS_SEARCH_USER_PATHS = NO;
				CLANG_ANALYZER_NONNULL = YES;
				CLANG_ANALYZER_NUMBER_OBJECT_CONVERSION = YES_AGGRESSIVE;
				CLANG_CXX_LANGUAGE_STANDARD = "gnu++14";
				CLANG_CXX_LIBRARY = "libc++";
				CLANG_ENABLE_MODULES = YES;
				CLANG_ENABLE_OBJC_ARC = YES;
				CLANG_ENABLE_OBJC_WEAK = YES;
				CLANG_WARN_BLOCK_CAPTURE_AUTORELEASING = YES;
				CLANG_WARN_BOOL_CONVERSION = YES;
				CLANG_WARN_COMMA = YES;
				CLANG_WARN_CONSTANT_CONVERSION = YES;
				CLANG_WARN_DEPRECATED_OBJC_IMPLEMENTATIONS = YES;
				CLANG_WARN_DIRECT_OBJC_ISA_USAGE = YES_ERROR;
				CLANG_WARN_DOCUMENTATION_COMMENTS = YES;
				CLANG_WARN_EMPTY_BODY = YES;
				CLANG_WARN_ENUM_CONVERSION = YES;
				CLANG_WARN_INFINITE_RECURSION = YES;
				CLANG_WARN_INT_CONVERSION = YES;
				CLANG_WARN_NON_LITERAL_NULL_CONVERSION = YES;
				CLANG_WARN_OBJC_IMPLICIT_RETAIN_SELF = YES;
				CLANG_WARN_OBJC_LITERAL_CONVERSION = YES;
				CLANG_WARN_OBJC_ROOT_CLASS = YES_ERROR;
				CLANG_WARN_RANGE_LOOP_ANALYSIS = YES;
				CLANG_WARN_STRICT_PROTOTYPES = YES;
				CLANG_WARN_SUSPICIOUS_MOVE = YES;
				CLANG_WARN_UNGUARDED_AVAILABILITY = YES_AGGRESSIVE;
				CLANG_WARN_UNREACHABLE_CODE = YES;
				CLANG_WARN__DUPLICATE_METHOD_MATCH = YES;
				COPY_PHASE_STRIP = NO;
				DEBUG_INFORMATION_FORMAT = dwarf;
				ENABLE_STRICT_OBJC_MSGSEND = YES;
				ENABLE_TESTABILITY = YES;
				GCC_C_LANGUAGE_STANDARD = gnu11;
				GCC_DYNAMIC_NO_PIC = NO;
				GCC_NO_COMMON_BLOCKS = YES;
				GCC_OPTIMIZATION_LEVEL = 0;
				GCC_PREPROCESSOR_DEFINITIONS = (
					"DEBUG=1",
					"$(inherited)",
				);
				GCC_WARN_64_TO_32_BIT_CONVERSION = YES;
				GCC_WARN_ABOUT_RETURN_TYPE = YES_ERROR;
				GCC_WARN_UNDECLARED_SELECTOR = YES;
				GCC_WARN_UNINITIALIZED_AUTOS = YES_AGGRESSIVE;
				GCC_WARN_UNUSED_FUNCTION = YES;
				GCC_WARN_UNUSED_VARIABLE = YES;
				IPHONEOS_DEPLOYMENT_TARGET = 13.5;
				MTL_ENABLE_DEBUG_INFO = INCLUDE_SOURCE;
				MTL_FAST_MATH = YES;
				ONLY_ACTIVE_ARCH = YES;
				SDKROOT = iphoneos;
				SWIFT_ACTIVE_COMPILATION_CONDITIONS = DEBUG;
				SWIFT_OPTIMIZATION_LEVEL = "-Onone";
			};
			name = Debug;
		};
		208C01972495D6B9001602DA /* Release */ = {
			isa = XCBuildConfiguration;
			buildSettings = {
				ALWAYS_SEARCH_USER_PATHS = NO;
				CLANG_ANALYZER_NONNULL = YES;
				CLANG_ANALYZER_NUMBER_OBJECT_CONVERSION = YES_AGGRESSIVE;
				CLANG_CXX_LANGUAGE_STANDARD = "gnu++14";
				CLANG_CXX_LIBRARY = "libc++";
				CLANG_ENABLE_MODULES = YES;
				CLANG_ENABLE_OBJC_ARC = YES;
				CLANG_ENABLE_OBJC_WEAK = YES;
				CLANG_WARN_BLOCK_CAPTURE_AUTORELEASING = YES;
				CLANG_WARN_BOOL_CONVERSION = YES;
				CLANG_WARN_COMMA = YES;
				CLANG_WARN_CONSTANT_CONVERSION = YES;
				CLANG_WARN_DEPRECATED_OBJC_IMPLEMENTATIONS = YES;
				CLANG_WARN_DIRECT_OBJC_ISA_USAGE = YES_ERROR;
				CLANG_WARN_DOCUMENTATION_COMMENTS = YES;
				CLANG_WARN_EMPTY_BODY = YES;
				CLANG_WARN_ENUM_CONVERSION = YES;
				CLANG_WARN_INFINITE_RECURSION = YES;
				CLANG_WARN_INT_CONVERSION = YES;
				CLANG_WARN_NON_LITERAL_NULL_CONVERSION = YES;
				CLANG_WARN_OBJC_IMPLICIT_RETAIN_SELF = YES;
				CLANG_WARN_OBJC_LITERAL_CONVERSION = YES;
				CLANG_WARN_OBJC_ROOT_CLASS = YES_ERROR;
				CLANG_WARN_RANGE_LOOP_ANALYSIS = YES;
				CLANG_WARN_STRICT_PROTOTYPES = YES;
				CLANG_WARN_SUSPICIOUS_MOVE = YES;
				CLANG_WARN_UNGUARDED_AVAILABILITY = YES_AGGRESSIVE;
				CLANG_WARN_UNREACHABLE_CODE = YES;
				CLANG_WARN__DUPLICATE_METHOD_MATCH = YES;
				COPY_PHASE_STRIP = NO;
				DEBUG_INFORMATION_FORMAT = "dwarf-with-dsym";
				ENABLE_NS_ASSERTIONS = NO;
				ENABLE_STRICT_OBJC_MSGSEND = YES;
				GCC_C_LANGUAGE_STANDARD = gnu11;
				GCC_NO_COMMON_BLOCKS = YES;
				GCC_WARN_64_TO_32_BIT_CONVERSION = YES;
				GCC_WARN_ABOUT_RETURN_TYPE = YES_ERROR;
				GCC_WARN_UNDECLARED_SELECTOR = YES;
				GCC_WARN_UNINITIALIZED_AUTOS = YES_AGGRESSIVE;
				GCC_WARN_UNUSED_FUNCTION = YES;
				GCC_WARN_UNUSED_VARIABLE = YES;
				IPHONEOS_DEPLOYMENT_TARGET = 13.5;
				MTL_ENABLE_DEBUG_INFO = NO;
				MTL_FAST_MATH = YES;
				SDKROOT = iphoneos;
				SWIFT_COMPILATION_MODE = wholemodule;
				SWIFT_OPTIMIZATION_LEVEL = "-O";
				VALIDATE_PRODUCT = YES;
			};
			name = Release;
		};
		208C01992495D6B9001602DA /* Debug */ = {
			isa = XCBuildConfiguration;
			buildSettings = {
				ASSETCATALOG_COMPILER_APPICON_NAME = AppIcon;
				CODE_SIGN_STYLE = Automatic;
				DEVELOPMENT_TEAM = 64WAG22Y2J;
				INFOPLIST_FILE = MyMovieChart/Info.plist;
				LD_RUNPATH_SEARCH_PATHS = (
					"$(inherited)",
					"@executable_path/Frameworks",
				);
				PRODUCT_BUNDLE_IDENTIFIER = com.VincentGeranium.MyMovieChart;
				PRODUCT_NAME = "$(TARGET_NAME)";
				SWIFT_VERSION = 5.0;
				TARGETED_DEVICE_FAMILY = "1,2";
			};
			name = Debug;
		};
		208C019A2495D6B9001602DA /* Release */ = {
			isa = XCBuildConfiguration;
			buildSettings = {
				ASSETCATALOG_COMPILER_APPICON_NAME = AppIcon;
				CODE_SIGN_STYLE = Automatic;
				DEVELOPMENT_TEAM = 64WAG22Y2J;
				INFOPLIST_FILE = MyMovieChart/Info.plist;
				LD_RUNPATH_SEARCH_PATHS = (
					"$(inherited)",
					"@executable_path/Frameworks",
				);
				PRODUCT_BUNDLE_IDENTIFIER = com.VincentGeranium.MyMovieChart;
				PRODUCT_NAME = "$(TARGET_NAME)";
				SWIFT_VERSION = 5.0;
				TARGETED_DEVICE_FAMILY = "1,2";
			};
			name = Release;
		};
/* End XCBuildConfiguration section */

/* Begin XCConfigurationList section */
		208C017F2495D6B8001602DA /* Build configuration list for PBXProject "MyMovieChart" */ = {
			isa = XCConfigurationList;
			buildConfigurations = (
				208C01962495D6B9001602DA /* Debug */,
				208C01972495D6B9001602DA /* Release */,
			);
			defaultConfigurationIsVisible = 0;
			defaultConfigurationName = Release;
		};
		208C01982495D6B9001602DA /* Build configuration list for PBXNativeTarget "MyMovieChart" */ = {
			isa = XCConfigurationList;
			buildConfigurations = (
				208C01992495D6B9001602DA /* Debug */,
				208C019A2495D6B9001602DA /* Release */,
			);
			defaultConfigurationIsVisible = 0;
			defaultConfigurationName = Release;
		};
/* End XCConfigurationList section */
	};
	rootObject = 208C017C2495D6B8001602DA /* Project object */;
}
